
Microsoft Visual Studio Solution File, Format Version 12.00
# Visual Studio Version 17
VisualStudioVersion = 17.2.32630.192
MinimumVisualStudioVersion = 10.0.40219.1
Project("{888888A0-9F3D-457C-B088-3A5042F75D52}") = "get_included_bib_short_check_csv", "get_included_bib_short_check_csv.pyproj", "{03A8F9C4-D3CE-4A49-9B86-5ECD654367AC}"
EndProject
Global
	GlobalSection(SolutionConfigurationPlatforms) = preSolution
		Debug|Any CPU = Debug|Any CPU
		Release|Any CPU = Release|Any CPU
	EndGlobalSection
	GlobalSection(ProjectConfigurationPlatforms) = postSolution
		{03A8F9C4-D3CE-4A49-9B86-5ECD654367AC}.Debug|Any CPU.ActiveCfg = Debug|Any CPU
		{03A8F9C4-D3CE-4A49-9B86-5ECD654367AC}.Release|Any CPU.ActiveCfg = Release|Any CPU
	EndGlobalSection
	GlobalSection(SolutionProperties) = preSolution
		HideSolutionNode = FALSE
	EndGlobalSection
	GlobalSection(ExtensibilityGlobals) = postSolution
		SolutionGuid = {5A4398E6-B834-4477-B1F9-6C4E51323A25}
	EndGlobalSection
EndGlobal
