
Microsoft Visual Studio Solution File, Format Version 12.00
# Visual Studio Version 17
VisualStudioVersion = 17.2.32630.192
MinimumVisualStudioVersion = 10.0.40219.1
Project("{888888A0-9F3D-457C-B088-3A5042F75D52}") = "get_included_bib", "get_included_bib.pyproj", "{003DB50B-179D-4963-A88E-CC4D968CA1CB}"
EndProject
Global
	GlobalSection(SolutionConfigurationPlatforms) = preSolution
		Debug|Any CPU = Debug|Any CPU
		Release|Any CPU = Release|Any CPU
	EndGlobalSection
	GlobalSection(ProjectConfigurationPlatforms) = postSolution
		{003DB50B-179D-4963-A88E-CC4D968CA1CB}.Debug|Any CPU.ActiveCfg = Debug|Any CPU
		{003DB50B-179D-4963-A88E-CC4D968CA1CB}.Release|Any CPU.ActiveCfg = Release|Any CPU
	EndGlobalSection
	GlobalSection(SolutionProperties) = preSolution
		HideSolutionNode = FALSE
	EndGlobalSection
	GlobalSection(ExtensibilityGlobals) = postSolution
		SolutionGuid = {F9C3A481-5132-435C-BF13-7C76C26483DA}
	EndGlobalSection
EndGlobal
